// !$*UTF8*$!
{
	archiveVersion = 1;
	classes = {
	};
	objectVersion = 46;
	objects = {

/* Begin PBXBuildFile section */
		4BC4E7141B94813200BCC8F8 /* AppDelegate.swift in Sources */ = {isa = PBXBuildFile; fileRef = 4BC4E7131B94813200BCC8F8 /* AppDelegate.swift */; };
		4BC4E7161B94813200BCC8F8 /* ViewController.swift in Sources */ = {isa = PBXBuildFile; fileRef = 4BC4E7151B94813200BCC8F8 /* ViewController.swift */; };
		4BC4E7191B94813200BCC8F8 /* Main.storyboard in Resources */ = {isa = PBXBuildFile; fileRef = 4BC4E7171B94813200BCC8F8 /* Main.storyboard */; };
		4BC4E71B1B94813200BCC8F8 /* Images.xcassets in Resources */ = {isa = PBXBuildFile; fileRef = 4BC4E71A1B94813200BCC8F8 /* Images.xcassets */; };
		4BC4E71E1B94813200BCC8F8 /* LaunchScreen.xib in Resources */ = {isa = PBXBuildFile; fileRef = 4BC4E71C1B94813200BCC8F8 /* LaunchScreen.xib */; };
		4BC4E72A1B94813200BCC8F8 /* Rotten_Tomatoes2Tests.swift in Sources */ = {isa = PBXBuildFile; fileRef = 4BC4E7291B94813200BCC8F8 /* Rotten_Tomatoes2Tests.swift */; };
/* End PBXBuildFile section */

/* Begin PBXContainerItemProxy section */
		4BC4E7241B94813200BCC8F8 /* PBXContainerItemProxy */ = {
			isa = PBXContainerItemProxy;
			containerPortal = 4BC4E7061B94813200BCC8F8 /* Project object */;
			proxyType = 1;
			remoteGlobalIDString = 4BC4E70D1B94813200BCC8F8;
			remoteInfo = "Rotten Tomatoes2";
		};
/* End PBXContainerItemProxy section */

/* Begin PBXFileReference section */
		4BC4E70E1B94813200BCC8F8 /* Rotten Tomatoes2.app */ = {isa = PBXFileReference; explicitFileType = wrapper.application; includeInIndex = 0; path = "Rotten Tomatoes2.app"; sourceTree = BUILT_PRODUCTS_DIR; };
		4BC4E7121B94813200BCC8F8 /* Info.plist */ = {isa = PBXFileReference; lastKnownFileType = text.plist.xml; path = Info.plist; sourceTree = "<group>"; };
		4BC4E7131B94813200BCC8F8 /* AppDelegate.swift */ = {isa = PBXFileReference; lastKnownFileType = sourcecode.swift; path = AppDelegate.swift; sourceTree = "<group>"; };
		4BC4E7151B94813200BCC8F8 /* ViewController.swift */ = {isa = PBXFileReference; lastKnownFileType = sourcecode.swift; path = ViewController.swift; sourceTree = "<group>"; };
		4BC4E7181B94813200BCC8F8 /* Base */ = {isa = PBXFileReference; lastKnownFileType = file.storyboard; name = Base; path = Base.lproj/Main.storyboard; sourceTree = "<group>"; };
		4BC4E71A1B94813200BCC8F8 /* Images.xcassets */ = {isa = PBXFileReference; lastKnownFileType = folder.assetcatalog; path = Images.xcassets; sourceTree = "<group>"; };
		4BC4E71D1B94813200BCC8F8 /* Base */ = {isa = PBXFileReference; lastKnownFileType = file.xib; name = Base; path = Base.lproj/LaunchScreen.xib; sourceTree = "<group>"; };
		4BC4E7231B94813200BCC8F8 /* Rotten Tomatoes2Tests.xctest */ = {isa = PBXFileReference; explicitFileType = wrapper.cfbundle; includeInIndex = 0; path = "Rotten Tomatoes2Tests.xctest"; sourceTree = BUILT_PRODUCTS_DIR; };
		4BC4E7281B94813200BCC8F8 /* Info.plist */ = {isa = PBXFileReference; lastKnownFileType = text.plist.xml; path = Info.plist; sourceTree = "<group>"; };
		4BC4E7291B94813200BCC8F8 /* Rotten_Tomatoes2Tests.swift */ = {isa = PBXFileReference; lastKnownFileType = sourcecode.swift; path = Rotten_Tomatoes2Tests.swift; sourceTree = "<group>"; };
/* End PBXFileReference section */

/* Begin PBXFrameworksBuildPhase section */
		4BC4E70B1B94813200BCC8F8 /* Frameworks */ = {
			isa = PBXFrameworksBuildPhase;
			buildActionMask = 2147483647;
			files = (
			);
			runOnlyForDeploymentPostprocessing = 0;
		};
		4BC4E7201B94813200BCC8F8 /* Frameworks */ = {
			isa = PBXFrameworksBuildPhase;
			buildActionMask = 2147483647;
			files = (
			);
			runOnlyForDeploymentPostprocessing = 0;
		};
/* End PBXFrameworksBuildPhase section */

/* Begin PBXGroup section */
		4BC4E7051B94813200BCC8F8 = {
			isa = PBXGroup;
			children = (
				4BC4E7101B94813200BCC8F8 /* Rotten Tomatoes2 */,
				4BC4E7261B94813200BCC8F8 /* Rotten Tomatoes2Tests */,
				4BC4E70F1B94813200BCC8F8 /* Products */,
			);
			sourceTree = "<group>";
		};
		4BC4E70F1B94813200BCC8F8 /* Products */ = {
			isa = PBXGroup;
			children = (
				4BC4E70E1B94813200BCC8F8 /* Rotten Tomatoes2.app */,
				4BC4E7231B94813200BCC8F8 /* Rotten Tomatoes2Tests.xctest */,
			);
			name = Products;
			sourceTree = "<group>";
		};
		4BC4E7101B94813200BCC8F8 /* Rotten Tomatoes2 */ = {
			isa = PBXGroup;
			children = (
				4BC4E7131B94813200BCC8F8 /* AppDelegate.swift */,
				4BC4E7151B94813200BCC8F8 /* ViewController.swift */,
				4BC4E7171B94813200BCC8F8 /* Main.storyboard */,
				4BC4E71A1B94813200BCC8F8 /* Images.xcassets */,
				4BC4E71C1B94813200BCC8F8 /* LaunchScreen.xib */,
				4BC4E7111B94813200BCC8F8 /* Supporting Files */,
			);
			path = "Rotten Tomatoes2";
			sourceTree = "<group>";
		};
		4BC4E7111B94813200BCC8F8 /* Supporting Files */ = {
			isa = PBXGroup;
			children = (
				4BC4E7121B94813200BCC8F8 /* Info.plist */,
			);
			name = "Supporting Files";
			sourceTree = "<group>";
		};
		4BC4E7261B94813200BCC8F8 /* Rotten Tomatoes2Tests */ = {
			isa = PBXGroup;
			children = (
				4BC4E7291B94813200BCC8F8 /* Rotten_Tomatoes2Tests.swift */,
				4BC4E7271B94813200BCC8F8 /* Supporting Files */,
			);
			path = "Rotten Tomatoes2Tests";
			sourceTree = "<group>";
		};
		4BC4E7271B94813200BCC8F8 /* Supporting Files */ = {
			isa = PBXGroup;
			children = (
				4BC4E7281B94813200BCC8F8 /* Info.plist */,
			);
			name = "Supporting Files";
			sourceTree = "<group>";
		};
/* End PBXGroup section */

/* Begin PBXNativeTarget section */
		4BC4E70D1B94813200BCC8F8 /* Rotten Tomatoes2 */ = {
			isa = PBXNativeTarget;
			buildConfigurationList = 4BC4E72D1B94813200BCC8F8 /* Build configuration list for PBXNativeTarget "Rotten Tomatoes2" */;
			buildPhases = (
				4BC4E70A1B94813200BCC8F8 /* Sources */,
				4BC4E70B1B94813200BCC8F8 /* Frameworks */,
				4BC4E70C1B94813200BCC8F8 /* Resources */,
			);
			buildRules = (
			);
			dependencies = (
			);
			name = "Rotten Tomatoes2";
			productName = "Rotten Tomatoes2";
			productReference = 4BC4E70E1B94813200BCC8F8 /* Rotten Tomatoes2.app */;
			productType = "com.apple.product-type.application";
		};
		4BC4E7221B94813200BCC8F8 /* Rotten Tomatoes2Tests */ = {
			isa = PBXNativeTarget;
			buildConfigurationList = 4BC4E7301B94813200BCC8F8 /* Build configuration list for PBXNativeTarget "Rotten Tomatoes2Tests" */;
			buildPhases = (
				4BC4E71F1B94813200BCC8F8 /* Sources */,
				4BC4E7201B94813200BCC8F8 /* Frameworks */,
				4BC4E7211B94813200BCC8F8 /* Resources */,
			);
			buildRules = (
			);
			dependencies = (
				4BC4E7251B94813200BCC8F8 /* PBXTargetDependency */,
			);
			name = "Rotten Tomatoes2Tests";
			productName = "Rotten Tomatoes2Tests";
			productReference = 4BC4E7231B94813200BCC8F8 /* Rotten Tomatoes2Tests.xctest */;
			productType = "com.apple.product-type.bundle.unit-test";
		};
/* End PBXNativeTarget section */

/* Begin PBXProject section */
		4BC4E7061B94813200BCC8F8 /* Project object */ = {
			isa = PBXProject;
			attributes = {
				LastUpgradeCheck = 0640;
				ORGANIZATIONNAME = "Golak Sarangi";
				TargetAttributes = {
					4BC4E70D1B94813200BCC8F8 = {
						CreatedOnToolsVersion = 6.4;
					};
					4BC4E7221B94813200BCC8F8 = {
						CreatedOnToolsVersion = 6.4;
						TestTargetID = 4BC4E70D1B94813200BCC8F8;
					};
				};
			};
			buildConfigurationList = 4BC4E7091B94813200BCC8F8 /* Build configuration list for PBXProject "Rotten Tomatoes2" */;
			compatibilityVersion = "Xcode 3.2";
			developmentRegion = English;
			hasScannedForEncodings = 0;
			knownRegions = (
				en,
				Base,
			);
			mainGroup = 4BC4E7051B94813200BCC8F8;
			productRefGroup = 4BC4E70F1B94813200BCC8F8 /* Products */;
			projectDirPath = "";
			projectRoot = "";
			targets = (
				4BC4E70D1B94813200BCC8F8 /* Rotten Tomatoes2 */,
				4BC4E7221B94813200BCC8F8 /* Rotten Tomatoes2Tests */,
			);
		};
/* End PBXProject section */

/* Begin PBXResourcesBuildPhase section */
		4BC4E70C1B94813200BCC8F8 /* Resources */ = {
			isa = PBXResourcesBuildPhase;
			buildActionMask = 2147483647;
			files = (
				4BC4E7191B94813200BCC8F8 /* Main.storyboard in Resources */,
				4BC4E71E1B94813200BCC8F8 /* LaunchScreen.xib in Resources */,
				4BC4E71B1B94813200BCC8F8 /* Images.xcassets in Resources */,
			);
			runOnlyForDeploymentPostprocessing = 0;
		};
		4BC4E7211B94813200BCC8F8 /* Resources */ = {
			isa = PBXResourcesBuildPhase;
			buildActionMask = 2147483647;
			files = (
			);
			runOnlyForDeploymentPostprocessing = 0;
		};
/* End PBXResourcesBuildPhase section */

/* Begin PBXSourcesBuildPhase section */
		4BC4E70A1B94813200BCC8F8 /* Sources */ = {
			isa = PBXSourcesBuildPhase;
			buildActionMask = 2147483647;
			files = (
				4BC4E7161B94813200BCC8F8 /* ViewController.swift in Sources */,
				4BC4E7141B94813200BCC8F8 /* AppDelegate.swift in Sources */,
			);
			runOnlyForDeploymentPostprocessing = 0;
		};
		4BC4E71F1B94813200BCC8F8 /* Sources */ = {
			isa = PBXSourcesBuildPhase;
			buildActionMask = 2147483647;
			files = (
				4BC4E72A1B94813200BCC8F8 /* Rotten_Tomatoes2Tests.swift in Sources */,
			);
			runOnlyForDeploymentPostprocessing = 0;
		};
/* End PBXSourcesBuildPhase section */

/* Begin PBXTargetDependency section */
		4BC4E7251B94813200BCC8F8 /* PBXTargetDependency */ = {
			isa = PBXTargetDependency;
			target = 4BC4E70D1B94813200BCC8F8 /* Rotten Tomatoes2 */;
			targetProxy = 4BC4E7241B94813200BCC8F8 /* PBXContainerItemProxy */;
		};
/* End PBXTargetDependency section */

/* Begin PBXVariantGroup section */
		4BC4E7171B94813200BCC8F8 /* Main.storyboard */ = {
			isa = PBXVariantGroup;
			children = (
				4BC4E7181B94813200BCC8F8 /* Base */,
			);
			name = Main.storyboard;
			sourceTree = "<group>";
		};
		4BC4E71C1B94813200BCC8F8 /* LaunchScreen.xib */ = {
			isa = PBXVariantGroup;
			children = (
				4BC4E71D1B94813200BCC8F8 /* Base */,
			);
			name = LaunchScreen.xib;
			sourceTree = "<group>";
		};
/* End PBXVariantGroup section */

/* Begin XCBuildConfiguration section */
		4BC4E72B1B94813200BCC8F8 /* Debug */ = {
			isa = XCBuildConfiguration;
			buildSettings = {
				ALWAYS_SEARCH_USER_PATHS = NO;
				CLANG_CXX_LANGUAGE_STANDARD = "gnu++0x";
				CLANG_CXX_LIBRARY = "libc++";
				CLANG_ENABLE_MODULES = YES;
				CLANG_ENABLE_OBJC_ARC = YES;
				CLANG_WARN_BOOL_CONVERSION = YES;
				CLANG_WARN_CONSTANT_CONVERSION = YES;
				CLANG_WARN_DIRECT_OBJC_ISA_USAGE = YES_ERROR;
				CLANG_WARN_EMPTY_BODY = YES;
				CLANG_WARN_ENUM_CONVERSION = YES;
				CLANG_WARN_INT_CONVERSION = YES;
				CLANG_WARN_OBJC_ROOT_CLASS = YES_ERROR;
				CLANG_WARN_UNREACHABLE_CODE = YES;
				CLANG_WARN__DUPLICATE_METHOD_MATCH = YES;
				"CODE_SIGN_IDENTITY[sdk=iphoneos*]" = "iPhone Developer";
				COPY_PHASE_STRIP = NO;
				DEBUG_INFORMATION_FORMAT = "dwarf-with-dsym";
				ENABLE_STRICT_OBJC_MSGSEND = YES;
				GCC_C_LANGUAGE_STANDARD = gnu99;
				GCC_DYNAMIC_NO_PIC = NO;
				GCC_NO_COMMON_BLOCKS = YES;
				GCC_OPTIMIZATION_LEVEL = 0;
				GCC_PREPROCESSOR_DEFINITIONS = (
					"DEBUG=1",
					"$(inherited)",
				);
				GCC_SYMBOLS_PRIVATE_EXTERN = NO;
				GCC_WARN_64_TO_32_BIT_CONVERSION = YES;
				GCC_WARN_ABOUT_RETURN_TYPE = YES_ERROR;
				GCC_WARN_UNDECLARED_SELECTOR = YES;
				GCC_WARN_UNINITIALIZED_AUTOS = YES_AGGRESSIVE;
				GCC_WARN_UNUSED_FUNCTION = YES;
				GCC_WARN_UNUSED_VARIABLE = YES;
				IPHONEOS_DEPLOYMENT_TARGET = 8.4;
				MTL_ENABLE_DEBUG_INFO = YES;
				ONLY_ACTIVE_ARCH = YES;
				SDKROOT = iphoneos;
				SWIFT_OPTIMIZATION_LEVEL = "-Onone";
				TARGETED_DEVICE_FAMILY = "1,2";
			};
			name = Debug;
		};
		4BC4E72C1B94813200BCC8F8 /* Release */ = {
			isa = XCBuildConfiguration;
			buildSettings = {
				ALWAYS_SEARCH_USER_PATHS = NO;
				CLANG_CXX_LANGUAGE_STANDARD = "gnu++0x";
				CLANG_CXX_LIBRARY = "libc++";
				CLANG_ENABLE_MODULES = YES;
				CLANG_ENABLE_OBJC_ARC = YES;
				CLANG_WARN_BOOL_CONVERSION = YES;
				CLANG_WARN_CONSTANT_CONVERSION = YES;
				CLANG_WARN_DIRECT_OBJC_ISA_USAGE = YES_ERROR;
				CLANG_WARN_EMPTY_BODY = YES;
				CLANG_WARN_ENUM_CONVERSION = YES;
				CLANG_WARN_INT_CONVERSION = YES;
				CLANG_WARN_OBJC_ROOT_CLASS = YES_ERROR;
				CLANG_WARN_UNREACHABLE_CODE = YES;
				CLANG_WARN__DUPLICATE_METHOD_MATCH = YES;
				"CODE_SIGN_IDENTITY[sdk=iphoneos*]" = "iPhone Developer";
				COPY_PHASE_STRIP = NO;
				DEBUG_INFORMATION_FORMAT = "dwarf-with-dsym";
				ENABLE_NS_ASSERTIONS = NO;
				ENABLE_STRICT_OBJC_MSGSEND = YES;
				GCC_C_LANGUAGE_STANDARD = gnu99;
				GCC_NO_COMMON_BLOCKS = YES;
				GCC_WARN_64_TO_32_BIT_CONVERSION = YES;
				GCC_WARN_ABOUT_RETURN_TYPE = YES_ERROR;
				GCC_WARN_UNDECLARED_SELECTOR = YES;
				GCC_WARN_UNINITIALIZED_AUTOS = YES_AGGRESSIVE;
				GCC_WARN_UNUSED_FUNCTION = YES;
				GCC_WARN_UNUSED_VARIABLE = YES;
				IPHONEOS_DEPLOYMENT_TARGET = 8.4;
				MTL_ENABLE_DEBUG_INFO = NO;
				SDKROOT = iphoneos;
				TARGETED_DEVICE_FAMILY = "1,2";
				VALIDATE_PRODUCT = YES;
			};
			name = Release;
		};
		4BC4E72E1B94813200BCC8F8 /* Debug */ = {
			isa = XCBuildConfiguration;
			buildSettings = {
				ASSETCATALOG_COMPILER_APPICON_NAME = AppIcon;
				INFOPLIST_FILE = "Rotten Tomatoes2/Info.plist";
				LD_RUNPATH_SEARCH_PATHS = "$(inherited) @executable_path/Frameworks";
				PRODUCT_NAME = "$(TARGET_NAME)";
			};
			name = Debug;
		};
		4BC4E72F1B94813200BCC8F8 /* Release */ = {
			isa = XCBuildConfiguration;
			buildSettings = {
				ASSETCATALOG_COMPILER_APPICON_NAME = AppIcon;
				INFOPLIST_FILE = "Rotten Tomatoes2/Info.plist";
				LD_RUNPATH_SEARCH_PATHS = "$(inherited) @executable_path/Frameworks";
				PRODUCT_NAME = "$(TARGET_NAME)";
			};
			name = Release;
		};
		4BC4E7311B94813200BCC8F8 /* Debug */ = {
			isa = XCBuildConfiguration;
			buildSettings = {
				BUNDLE_LOADER = "$(TEST_HOST)";
				FRAMEWORK_SEARCH_PATHS = (
					"$(SDKROOT)/Developer/Library/Frameworks",
					"$(inherited)",
				);
				GCC_PREPROCESSOR_DEFINITIONS = (
					"DEBUG=1",
					"$(inherited)",
				);
				INFOPLIST_FILE = "Rotten Tomatoes2Tests/Info.plist";
				LD_RUNPATH_SEARCH_PATHS = "$(inherited) @executable_path/Frameworks @loader_path/Frameworks";
				PRODUCT_NAME = "$(TARGET_NAME)";
				TEST_HOST = "$(BUILT_PRODUCTS_DIR)/Rotten Tomatoes2.app/Rotten Tomatoes2";
			};
			name = Debug;
		};
		4BC4E7321B94813200BCC8F8 /* Release */ = {
			isa = XCBuildConfiguration;
			buildSettings = {
				BUNDLE_LOADER = "$(TEST_HOST)";
				FRAMEWORK_SEARCH_PATHS = (
					"$(SDKROOT)/Developer/Library/Frameworks",
					"$(inherited)",
				);
				INFOPLIST_FILE = "Rotten Tomatoes2Tests/Info.plist";
				LD_RUNPATH_SEARCH_PATHS = "$(inherited) @executable_path/Frameworks @loader_path/Frameworks";
				PRODUCT_NAME = "$(TARGET_NAME)";
				TEST_HOST = "$(BUILT_PRODUCTS_DIR)/Rotten Tomatoes2.app/Rotten Tomatoes2";
			};
			name = Release;
		};
/* End XCBuildConfiguration section */

/* Begin XCConfigurationList section */
		4BC4E7091B94813200BCC8F8 /* Build configuration list for PBXProject "Rotten Tomatoes2" */ = {
			isa = XCConfigurationList;
			buildConfigurations = (
				4BC4E72B1B94813200BCC8F8 /* Debug */,
				4BC4E72C1B94813200BCC8F8 /* Release */,
			);
			defaultConfigurationIsVisible = 0;
			defaultConfigurationName = Release;
		};
		4BC4E72D1B94813200BCC8F8 /* Build configuration list for PBXNativeTarget "Rotten Tomatoes2" */ = {
			isa = XCConfigurationList;
			buildConfigurations = (
				4BC4E72E1B94813200BCC8F8 /* Debug */,
				4BC4E72F1B94813200BCC8F8 /* Release */,
			);
			defaultConfigurationIsVisible = 0;
		};
		4BC4E7301B94813200BCC8F8 /* Build configuration list for PBXNativeTarget "Rotten Tomatoes2Tests" */ = {
			isa = XCConfigurationList;
			buildConfigurations = (
				4BC4E7311B94813200BCC8F8 /* Debug */,
				4BC4E7321B94813200BCC8F8 /* Release */,
			);
			defaultConfigurationIsVisible = 0;
		};
/* End XCConfigurationList section */
	};
	rootObject = 4BC4E7061B94813200BCC8F8 /* Project object */;
}
